// !$*UTF8*$!
{
	archiveVersion = 1;
	classes = {
	};
	objectVersion = 50;
	objects = {

/* Begin PBXBuildFile section */
		2D837B8BE5C1FD87A05BF642 /* Pods_PhotoViewerUITests.framework in Frameworks */ = {isa = PBXBuildFile; fileRef = CD7D1F631465437EF48FEA8A /* Pods_PhotoViewerUITests.framework */; };
		50D4083B7841BF0B580E6CBC /* Pods_PhotoViewer.framework in Frameworks */ = {isa = PBXBuildFile; fileRef = CB8699168756E1FC97A211A9 /* Pods_PhotoViewer.framework */; };
		8537638321EF0673003A1EEB /* AppDelegate.swift in Sources */ = {isa = PBXBuildFile; fileRef = 8537638221EF0673003A1EEB /* AppDelegate.swift */; };
		8537638821EF0673003A1EEB /* Main.storyboard in Resources */ = {isa = PBXBuildFile; fileRef = 8537638621EF0673003A1EEB /* Main.storyboard */; };
		8537638A21EF0675003A1EEB /* Assets.xcassets in Resources */ = {isa = PBXBuildFile; fileRef = 8537638921EF0675003A1EEB /* Assets.xcassets */; };
		8537638D21EF0675003A1EEB /* LaunchScreen.storyboard in Resources */ = {isa = PBXBuildFile; fileRef = 8537638B21EF0675003A1EEB /* LaunchScreen.storyboard */; };
		8537639821EF0675003A1EEB /* PhotoViewerTests.swift in Sources */ = {isa = PBXBuildFile; fileRef = 8537639721EF0675003A1EEB /* PhotoViewerTests.swift */; };
		853763A321EF0675003A1EEB /* PhotoViewerUITests.swift in Sources */ = {isa = PBXBuildFile; fileRef = 853763A221EF0675003A1EEB /* PhotoViewerUITests.swift */; };
		853763B221EF0766003A1EEB /* MainCollectionViewController.swift in Sources */ = {isa = PBXBuildFile; fileRef = 853763B121EF0766003A1EEB /* MainCollectionViewController.swift */; };
		853763B921EF2D77003A1EEB /* ParameterEncoder.swift in Sources */ = {isa = PBXBuildFile; fileRef = 853763B821EF2D77003A1EEB /* ParameterEncoder.swift */; };
		853763BB21EF2D9C003A1EEB /* NetworkError.swift in Sources */ = {isa = PBXBuildFile; fileRef = 853763BA21EF2D9C003A1EEB /* NetworkError.swift */; };
		853763BD21EF2DC3003A1EEB /* URLParameterEncoder.swift in Sources */ = {isa = PBXBuildFile; fileRef = 853763BC21EF2DC3003A1EEB /* URLParameterEncoder.swift */; };
		853763BF21EF2DDF003A1EEB /* JSONParameterEncoder.swift in Sources */ = {isa = PBXBuildFile; fileRef = 853763BE21EF2DDF003A1EEB /* JSONParameterEncoder.swift */; };
		853763C221EF2F2A003A1EEB /* EndPointType.swift in Sources */ = {isa = PBXBuildFile; fileRef = 853763C121EF2F2A003A1EEB /* EndPointType.swift */; };
		853763C421EF2F43003A1EEB /* HTTPMethod.swift in Sources */ = {isa = PBXBuildFile; fileRef = 853763C321EF2F43003A1EEB /* HTTPMethod.swift */; };
		853763C621EF2F5F003A1EEB /* HTTPTask.swift in Sources */ = {isa = PBXBuildFile; fileRef = 853763C521EF2F5F003A1EEB /* HTTPTask.swift */; };
		853763C821EF2F75003A1EEB /* NetworkRouter.swift in Sources */ = {isa = PBXBuildFile; fileRef = 853763C721EF2F75003A1EEB /* NetworkRouter.swift */; };
		853763CA21EF2F9D003A1EEB /* Router.swift in Sources */ = {isa = PBXBuildFile; fileRef = 853763C921EF2F9D003A1EEB /* Router.swift */; };
		853763CE21EF3D47003A1EEB /* NetworkManager.swift in Sources */ = {isa = PBXBuildFile; fileRef = 853763CD21EF3D47003A1EEB /* NetworkManager.swift */; };
		853763D021EF3E5B003A1EEB /* UnsplashEndPoint.swift in Sources */ = {isa = PBXBuildFile; fileRef = 853763CF21EF3E5B003A1EEB /* UnsplashEndPoint.swift */; };
		853763D221EF4237003A1EEB /* Photo.swift in Sources */ = {isa = PBXBuildFile; fileRef = 853763D121EF4237003A1EEB /* Photo.swift */; };
		853763D521EF631D003A1EEB /* PhotoCollectionViewCell.swift in Sources */ = {isa = PBXBuildFile; fileRef = 853763D421EF631D003A1EEB /* PhotoCollectionViewCell.swift */; };
		85895B6B21F05E9400B0A40B /* GreedoCollectionViewLayout.swift in Sources */ = {isa = PBXBuildFile; fileRef = 85895B6A21F05E9400B0A40B /* GreedoCollectionViewLayout.swift */; };
		85895B6D21F0657500B0A40B /* GreedoSizeCalculator.swift in Sources */ = {isa = PBXBuildFile; fileRef = 85895B6C21F0657500B0A40B /* GreedoSizeCalculator.swift */; };
		A66780ABD7465310DE5264F0 /* Pods_PhotoViewerTests.framework in Frameworks */ = {isa = PBXBuildFile; fileRef = 3AB93B4654378018BDA1C0ED /* Pods_PhotoViewerTests.framework */; };
/* End PBXBuildFile section */

/* Begin PBXContainerItemProxy section */
		8537639421EF0675003A1EEB /* PBXContainerItemProxy */ = {
			isa = PBXContainerItemProxy;
			containerPortal = 8537637721EF0673003A1EEB /* Project object */;
			proxyType = 1;
			remoteGlobalIDString = 8537637E21EF0673003A1EEB;
			remoteInfo = PhotoViewer;
		};
		8537639F21EF0675003A1EEB /* PBXContainerItemProxy */ = {
			isa = PBXContainerItemProxy;
			containerPortal = 8537637721EF0673003A1EEB /* Project object */;
			proxyType = 1;
			remoteGlobalIDString = 8537637E21EF0673003A1EEB;
			remoteInfo = PhotoViewer;
		};
/* End PBXContainerItemProxy section */

/* Begin PBXFileReference section */
		3AB93B4654378018BDA1C0ED /* Pods_PhotoViewerTests.framework */ = {isa = PBXFileReference; explicitFileType = wrapper.framework; includeInIndex = 0; path = Pods_PhotoViewerTests.framework; sourceTree = BUILT_PRODUCTS_DIR; };
		505662ED354D5F6331F0D13F /* Pods-PhotoViewer.debug.xcconfig */ = {isa = PBXFileReference; includeInIndex = 1; lastKnownFileType = text.xcconfig; name = "Pods-PhotoViewer.debug.xcconfig"; path = "Target Support Files/Pods-PhotoViewer/Pods-PhotoViewer.debug.xcconfig"; sourceTree = "<group>"; };
		67A7111491F89B6F1C614290 /* Pods-PhotoViewerTests.debug.xcconfig */ = {isa = PBXFileReference; includeInIndex = 1; lastKnownFileType = text.xcconfig; name = "Pods-PhotoViewerTests.debug.xcconfig"; path = "Target Support Files/Pods-PhotoViewerTests/Pods-PhotoViewerTests.debug.xcconfig"; sourceTree = "<group>"; };
		8537637F21EF0673003A1EEB /* PhotoViewer.app */ = {isa = PBXFileReference; explicitFileType = wrapper.application; includeInIndex = 0; path = PhotoViewer.app; sourceTree = BUILT_PRODUCTS_DIR; };
		8537638221EF0673003A1EEB /* AppDelegate.swift */ = {isa = PBXFileReference; lastKnownFileType = sourcecode.swift; path = AppDelegate.swift; sourceTree = "<group>"; };
		8537638721EF0673003A1EEB /* Base */ = {isa = PBXFileReference; lastKnownFileType = file.storyboard; name = Base; path = Base.lproj/Main.storyboard; sourceTree = "<group>"; };
		8537638921EF0675003A1EEB /* Assets.xcassets */ = {isa = PBXFileReference; lastKnownFileType = folder.assetcatalog; path = Assets.xcassets; sourceTree = "<group>"; };
		8537638C21EF0675003A1EEB /* Base */ = {isa = PBXFileReference; lastKnownFileType = file.storyboard; name = Base; path = Base.lproj/LaunchScreen.storyboard; sourceTree = "<group>"; };
		8537638E21EF0675003A1EEB /* Info.plist */ = {isa = PBXFileReference; lastKnownFileType = text.plist.xml; path = Info.plist; sourceTree = "<group>"; };
		8537639321EF0675003A1EEB /* PhotoViewerTests.xctest */ = {isa = PBXFileReference; explicitFileType = wrapper.cfbundle; includeInIndex = 0; path = PhotoViewerTests.xctest; sourceTree = BUILT_PRODUCTS_DIR; };
		8537639721EF0675003A1EEB /* PhotoViewerTests.swift */ = {isa = PBXFileReference; lastKnownFileType = sourcecode.swift; path = PhotoViewerTests.swift; sourceTree = "<group>"; };
		8537639921EF0675003A1EEB /* Info.plist */ = {isa = PBXFileReference; lastKnownFileType = text.plist.xml; path = Info.plist; sourceTree = "<group>"; };
		8537639E21EF0675003A1EEB /* PhotoViewerUITests.xctest */ = {isa = PBXFileReference; explicitFileType = wrapper.cfbundle; includeInIndex = 0; path = PhotoViewerUITests.xctest; sourceTree = BUILT_PRODUCTS_DIR; };
		853763A221EF0675003A1EEB /* PhotoViewerUITests.swift */ = {isa = PBXFileReference; lastKnownFileType = sourcecode.swift; path = PhotoViewerUITests.swift; sourceTree = "<group>"; };
		853763A421EF0675003A1EEB /* Info.plist */ = {isa = PBXFileReference; lastKnownFileType = text.plist.xml; path = Info.plist; sourceTree = "<group>"; };
		853763B121EF0766003A1EEB /* MainCollectionViewController.swift */ = {isa = PBXFileReference; lastKnownFileType = sourcecode.swift; path = MainCollectionViewController.swift; sourceTree = "<group>"; };
		853763B821EF2D77003A1EEB /* ParameterEncoder.swift */ = {isa = PBXFileReference; lastKnownFileType = sourcecode.swift; path = ParameterEncoder.swift; sourceTree = "<group>"; };
		853763BA21EF2D9C003A1EEB /* NetworkError.swift */ = {isa = PBXFileReference; lastKnownFileType = sourcecode.swift; path = NetworkError.swift; sourceTree = "<group>"; };
		853763BC21EF2DC3003A1EEB /* URLParameterEncoder.swift */ = {isa = PBXFileReference; lastKnownFileType = sourcecode.swift; path = URLParameterEncoder.swift; sourceTree = "<group>"; };
		853763BE21EF2DDF003A1EEB /* JSONParameterEncoder.swift */ = {isa = PBXFileReference; lastKnownFileType = sourcecode.swift; path = JSONParameterEncoder.swift; sourceTree = "<group>"; };
		853763C121EF2F2A003A1EEB /* EndPointType.swift */ = {isa = PBXFileReference; lastKnownFileType = sourcecode.swift; path = EndPointType.swift; sourceTree = "<group>"; };
		853763C321EF2F43003A1EEB /* HTTPMethod.swift */ = {isa = PBXFileReference; lastKnownFileType = sourcecode.swift; path = HTTPMethod.swift; sourceTree = "<group>"; };
		853763C521EF2F5F003A1EEB /* HTTPTask.swift */ = {isa = PBXFileReference; lastKnownFileType = sourcecode.swift; path = HTTPTask.swift; sourceTree = "<group>"; };
		853763C721EF2F75003A1EEB /* NetworkRouter.swift */ = {isa = PBXFileReference; lastKnownFileType = sourcecode.swift; path = NetworkRouter.swift; sourceTree = "<group>"; };
		853763C921EF2F9D003A1EEB /* Router.swift */ = {isa = PBXFileReference; lastKnownFileType = sourcecode.swift; path = Router.swift; sourceTree = "<group>"; };
		853763CD21EF3D47003A1EEB /* NetworkManager.swift */ = {isa = PBXFileReference; lastKnownFileType = sourcecode.swift; path = NetworkManager.swift; sourceTree = "<group>"; };
		853763CF21EF3E5B003A1EEB /* UnsplashEndPoint.swift */ = {isa = PBXFileReference; lastKnownFileType = sourcecode.swift; path = UnsplashEndPoint.swift; sourceTree = "<group>"; };
		853763D121EF4237003A1EEB /* Photo.swift */ = {isa = PBXFileReference; lastKnownFileType = sourcecode.swift; path = Photo.swift; sourceTree = "<group>"; };
		853763D421EF631D003A1EEB /* PhotoCollectionViewCell.swift */ = {isa = PBXFileReference; lastKnownFileType = sourcecode.swift; path = PhotoCollectionViewCell.swift; sourceTree = "<group>"; };
		85895B6A21F05E9400B0A40B /* GreedoCollectionViewLayout.swift */ = {isa = PBXFileReference; lastKnownFileType = sourcecode.swift; path = GreedoCollectionViewLayout.swift; sourceTree = "<group>"; };
		85895B6C21F0657500B0A40B /* GreedoSizeCalculator.swift */ = {isa = PBXFileReference; lastKnownFileType = sourcecode.swift; path = GreedoSizeCalculator.swift; sourceTree = "<group>"; };
		CB8699168756E1FC97A211A9 /* Pods_PhotoViewer.framework */ = {isa = PBXFileReference; explicitFileType = wrapper.framework; includeInIndex = 0; path = Pods_PhotoViewer.framework; sourceTree = BUILT_PRODUCTS_DIR; };
		CCA399019CA8626156B93302 /* Pods-PhotoViewerUITests.release.xcconfig */ = {isa = PBXFileReference; includeInIndex = 1; lastKnownFileType = text.xcconfig; name = "Pods-PhotoViewerUITests.release.xcconfig"; path = "Target Support Files/Pods-PhotoViewerUITests/Pods-PhotoViewerUITests.release.xcconfig"; sourceTree = "<group>"; };
		CD7D1F631465437EF48FEA8A /* Pods_PhotoViewerUITests.framework */ = {isa = PBXFileReference; explicitFileType = wrapper.framework; includeInIndex = 0; path = Pods_PhotoViewerUITests.framework; sourceTree = BUILT_PRODUCTS_DIR; };
		D567A272B9C3D821210AA29F /* Pods-PhotoViewer.release.xcconfig */ = {isa = PBXFileReference; includeInIndex = 1; lastKnownFileType = text.xcconfig; name = "Pods-PhotoViewer.release.xcconfig"; path = "Target Support Files/Pods-PhotoViewer/Pods-PhotoViewer.release.xcconfig"; sourceTree = "<group>"; };
		DD8D291C37C0A20B03A8ACBF /* Pods-PhotoViewerUITests.debug.xcconfig */ = {isa = PBXFileReference; includeInIndex = 1; lastKnownFileType = text.xcconfig; name = "Pods-PhotoViewerUITests.debug.xcconfig"; path = "Target Support Files/Pods-PhotoViewerUITests/Pods-PhotoViewerUITests.debug.xcconfig"; sourceTree = "<group>"; };
		E27FC5AF90AC506ADAC329D9 /* Pods-PhotoViewerTests.release.xcconfig */ = {isa = PBXFileReference; includeInIndex = 1; lastKnownFileType = text.xcconfig; name = "Pods-PhotoViewerTests.release.xcconfig"; path = "Target Support Files/Pods-PhotoViewerTests/Pods-PhotoViewerTests.release.xcconfig"; sourceTree = "<group>"; };
/* End PBXFileReference section */

/* Begin PBXFrameworksBuildPhase section */
		8537637C21EF0673003A1EEB /* Frameworks */ = {
			isa = PBXFrameworksBuildPhase;
			buildActionMask = 2147483647;
			files = (
				50D4083B7841BF0B580E6CBC /* Pods_PhotoViewer.framework in Frameworks */,
			);
			runOnlyForDeploymentPostprocessing = 0;
		};
		8537639021EF0675003A1EEB /* Frameworks */ = {
			isa = PBXFrameworksBuildPhase;
			buildActionMask = 2147483647;
			files = (
				A66780ABD7465310DE5264F0 /* Pods_PhotoViewerTests.framework in Frameworks */,
			);
			runOnlyForDeploymentPostprocessing = 0;
		};
		8537639B21EF0675003A1EEB /* Frameworks */ = {
			isa = PBXFrameworksBuildPhase;
			buildActionMask = 2147483647;
			files = (
				2D837B8BE5C1FD87A05BF642 /* Pods_PhotoViewerUITests.framework in Frameworks */,
			);
			runOnlyForDeploymentPostprocessing = 0;
		};
/* End PBXFrameworksBuildPhase section */

/* Begin PBXGroup section */
		0985705BCB22089A69B28B31 /* Pods */ = {
			isa = PBXGroup;
			children = (
				505662ED354D5F6331F0D13F /* Pods-PhotoViewer.debug.xcconfig */,
				D567A272B9C3D821210AA29F /* Pods-PhotoViewer.release.xcconfig */,
				67A7111491F89B6F1C614290 /* Pods-PhotoViewerTests.debug.xcconfig */,
				E27FC5AF90AC506ADAC329D9 /* Pods-PhotoViewerTests.release.xcconfig */,
				DD8D291C37C0A20B03A8ACBF /* Pods-PhotoViewerUITests.debug.xcconfig */,
				CCA399019CA8626156B93302 /* Pods-PhotoViewerUITests.release.xcconfig */,
			);
			path = Pods;
			sourceTree = "<group>";
		};
		8537637621EF0673003A1EEB = {
			isa = PBXGroup;
			children = (
				8537638121EF0673003A1EEB /* PhotoViewer */,
				8537639621EF0675003A1EEB /* PhotoViewerTests */,
				853763A121EF0675003A1EEB /* PhotoViewerUITests */,
				8537638021EF0673003A1EEB /* Products */,
				0985705BCB22089A69B28B31 /* Pods */,
				A4530C892221B0E2D65F562B /* Frameworks */,
			);
			sourceTree = "<group>";
		};
		8537638021EF0673003A1EEB /* Products */ = {
			isa = PBXGroup;
			children = (
				8537637F21EF0673003A1EEB /* PhotoViewer.app */,
				8537639321EF0675003A1EEB /* PhotoViewerTests.xctest */,
				8537639E21EF0675003A1EEB /* PhotoViewerUITests.xctest */,
			);
			name = Products;
			sourceTree = "<group>";
		};
		8537638121EF0673003A1EEB /* PhotoViewer */ = {
			isa = PBXGroup;
			children = (
				853763B621EF2C32003A1EEB /* Networking */,
				853763B421EF1C58003A1EEB /* View */,
				853763B321EF1C52003A1EEB /* Model */,
				853763B021EF0740003A1EEB /* Controllers */,
				8537638221EF0673003A1EEB /* AppDelegate.swift */,
				8537638E21EF0675003A1EEB /* Info.plist */,
			);
			path = PhotoViewer;
			sourceTree = "<group>";
		};
		8537639621EF0675003A1EEB /* PhotoViewerTests */ = {
			isa = PBXGroup;
			children = (
				8537639721EF0675003A1EEB /* PhotoViewerTests.swift */,
				8537639921EF0675003A1EEB /* Info.plist */,
			);
			path = PhotoViewerTests;
			sourceTree = "<group>";
		};
		853763A121EF0675003A1EEB /* PhotoViewerUITests */ = {
			isa = PBXGroup;
			children = (
				853763A221EF0675003A1EEB /* PhotoViewerUITests.swift */,
				853763A421EF0675003A1EEB /* Info.plist */,
			);
			path = PhotoViewerUITests;
			sourceTree = "<group>";
		};
		853763B021EF0740003A1EEB /* Controllers */ = {
			isa = PBXGroup;
			children = (
				853763B121EF0766003A1EEB /* MainCollectionViewController.swift */,
			);
			path = Controllers;
			sourceTree = "<group>";
		};
		853763B321EF1C52003A1EEB /* Model */ = {
			isa = PBXGroup;
			children = (
				853763D121EF4237003A1EEB /* Photo.swift */,
			);
			path = Model;
			sourceTree = "<group>";
		};
		853763B421EF1C58003A1EEB /* View */ = {
			isa = PBXGroup;
			children = (
				85895B6921F0583D00B0A40B /* GreedoLayout */,
				853763D321EF62F1003A1EEB /* Cells */,
				8537638621EF0673003A1EEB /* Main.storyboard */,
				8537638921EF0675003A1EEB /* Assets.xcassets */,
				8537638B21EF0675003A1EEB /* LaunchScreen.storyboard */,
			);
			path = View;
			sourceTree = "<group>";
		};
		853763B621EF2C32003A1EEB /* Networking */ = {
			isa = PBXGroup;
			children = (
				853763CC21EF3D06003A1EEB /* End Point */,
				853763CB21EF3CF5003A1EEB /* Manager */,
				853763C021EF2EF0003A1EEB /* Service */,
				853763B721EF2D43003A1EEB /* Encoding */,
			);
			path = Networking;
			sourceTree = "<group>";
		};
		853763B721EF2D43003A1EEB /* Encoding */ = {
			isa = PBXGroup;
			children = (
				853763B821EF2D77003A1EEB /* ParameterEncoder.swift */,
				853763BA21EF2D9C003A1EEB /* NetworkError.swift */,
				853763BC21EF2DC3003A1EEB /* URLParameterEncoder.swift */,
				853763BE21EF2DDF003A1EEB /* JSONParameterEncoder.swift */,
			);
			path = Encoding;
			sourceTree = "<group>";
		};
		853763C021EF2EF0003A1EEB /* Service */ = {
			isa = PBXGroup;
			children = (
				853763C121EF2F2A003A1EEB /* EndPointType.swift */,
				853763C321EF2F43003A1EEB /* HTTPMethod.swift */,
				853763C521EF2F5F003A1EEB /* HTTPTask.swift */,
				853763C721EF2F75003A1EEB /* NetworkRouter.swift */,
				853763C921EF2F9D003A1EEB /* Router.swift */,
			);
			path = Service;
			sourceTree = "<group>";
		};
		853763CB21EF3CF5003A1EEB /* Manager */ = {
			isa = PBXGroup;
			children = (
				853763CD21EF3D47003A1EEB /* NetworkManager.swift */,
			);
			path = Manager;
			sourceTree = "<group>";
		};
		853763CC21EF3D06003A1EEB /* End Point */ = {
			isa = PBXGroup;
			children = (
				853763CF21EF3E5B003A1EEB /* UnsplashEndPoint.swift */,
			);
			path = "End Point";
			sourceTree = "<group>";
		};
		853763D321EF62F1003A1EEB /* Cells */ = {
			isa = PBXGroup;
			children = (
				853763D421EF631D003A1EEB /* PhotoCollectionViewCell.swift */,
			);
			path = Cells;
			sourceTree = "<group>";
		};
		85895B6921F0583D00B0A40B /* GreedoLayout */ = {
			isa = PBXGroup;
			children = (
				85895B6A21F05E9400B0A40B /* GreedoCollectionViewLayout.swift */,
				85895B6C21F0657500B0A40B /* GreedoSizeCalculator.swift */,
			);
			path = GreedoLayout;
			sourceTree = "<group>";
		};
		A4530C892221B0E2D65F562B /* Frameworks */ = {
			isa = PBXGroup;
			children = (
				CB8699168756E1FC97A211A9 /* Pods_PhotoViewer.framework */,
				3AB93B4654378018BDA1C0ED /* Pods_PhotoViewerTests.framework */,
				CD7D1F631465437EF48FEA8A /* Pods_PhotoViewerUITests.framework */,
			);
			name = Frameworks;
			sourceTree = "<group>";
		};
/* End PBXGroup section */

/* Begin PBXNativeTarget section */
		8537637E21EF0673003A1EEB /* PhotoViewer */ = {
			isa = PBXNativeTarget;
			buildConfigurationList = 853763A721EF0675003A1EEB /* Build configuration list for PBXNativeTarget "PhotoViewer" */;
			buildPhases = (
				24062927236864A9A7A36E26 /* [CP] Check Pods Manifest.lock */,
				8537637B21EF0673003A1EEB /* Sources */,
				8537637C21EF0673003A1EEB /* Frameworks */,
				8537637D21EF0673003A1EEB /* Resources */,
				A7DA04B8CFA7C007107CDD7B /* [CP] Embed Pods Frameworks */,
			);
			buildRules = (
			);
			dependencies = (
			);
			name = PhotoViewer;
			productName = PhotoViewer;
			productReference = 8537637F21EF0673003A1EEB /* PhotoViewer.app */;
			productType = "com.apple.product-type.application";
		};
		8537639221EF0675003A1EEB /* PhotoViewerTests */ = {
			isa = PBXNativeTarget;
			buildConfigurationList = 853763AA21EF0675003A1EEB /* Build configuration list for PBXNativeTarget "PhotoViewerTests" */;
			buildPhases = (
				A52891C5850AF4AC67130713 /* [CP] Check Pods Manifest.lock */,
				8537638F21EF0675003A1EEB /* Sources */,
				8537639021EF0675003A1EEB /* Frameworks */,
				8537639121EF0675003A1EEB /* Resources */,
			);
			buildRules = (
			);
			dependencies = (
				8537639521EF0675003A1EEB /* PBXTargetDependency */,
			);
			name = PhotoViewerTests;
			productName = PhotoViewerTests;
			productReference = 8537639321EF0675003A1EEB /* PhotoViewerTests.xctest */;
			productType = "com.apple.product-type.bundle.unit-test";
		};
		8537639D21EF0675003A1EEB /* PhotoViewerUITests */ = {
			isa = PBXNativeTarget;
			buildConfigurationList = 853763AD21EF0675003A1EEB /* Build configuration list for PBXNativeTarget "PhotoViewerUITests" */;
			buildPhases = (
				8F1050EF5BF6EA841E285441 /* [CP] Check Pods Manifest.lock */,
				8537639A21EF0675003A1EEB /* Sources */,
				8537639B21EF0675003A1EEB /* Frameworks */,
				8537639C21EF0675003A1EEB /* Resources */,
			);
			buildRules = (
			);
			dependencies = (
				853763A021EF0675003A1EEB /* PBXTargetDependency */,
			);
			name = PhotoViewerUITests;
			productName = PhotoViewerUITests;
			productReference = 8537639E21EF0675003A1EEB /* PhotoViewerUITests.xctest */;
			productType = "com.apple.product-type.bundle.ui-testing";
		};
/* End PBXNativeTarget section */

/* Begin PBXProject section */
		8537637721EF0673003A1EEB /* Project object */ = {
			isa = PBXProject;
			attributes = {
				LastSwiftUpdateCheck = 1010;
				LastUpgradeCheck = 1010;
				ORGANIZATIONNAME = "Alexander Batalov";
				TargetAttributes = {
					8537637E21EF0673003A1EEB = {
						CreatedOnToolsVersion = 10.1;
					};
					8537639221EF0675003A1EEB = {
						CreatedOnToolsVersion = 10.1;
						TestTargetID = 8537637E21EF0673003A1EEB;
					};
					8537639D21EF0675003A1EEB = {
						CreatedOnToolsVersion = 10.1;
						TestTargetID = 8537637E21EF0673003A1EEB;
					};
				};
			};
			buildConfigurationList = 8537637A21EF0673003A1EEB /* Build configuration list for PBXProject "PhotoViewer" */;
			compatibilityVersion = "Xcode 9.3";
			developmentRegion = en;
			hasScannedForEncodings = 0;
			knownRegions = (
				en,
				Base,
			);
			mainGroup = 8537637621EF0673003A1EEB;
			productRefGroup = 8537638021EF0673003A1EEB /* Products */;
			projectDirPath = "";
			projectRoot = "";
			targets = (
				8537637E21EF0673003A1EEB /* PhotoViewer */,
				8537639221EF0675003A1EEB /* PhotoViewerTests */,
				8537639D21EF0675003A1EEB /* PhotoViewerUITests */,
			);
		};
/* End PBXProject section */

/* Begin PBXResourcesBuildPhase section */
		8537637D21EF0673003A1EEB /* Resources */ = {
			isa = PBXResourcesBuildPhase;
			buildActionMask = 2147483647;
			files = (
				8537638D21EF0675003A1EEB /* LaunchScreen.storyboard in Resources */,
				8537638A21EF0675003A1EEB /* Assets.xcassets in Resources */,
				8537638821EF0673003A1EEB /* Main.storyboard in Resources */,
			);
			runOnlyForDeploymentPostprocessing = 0;
		};
		8537639121EF0675003A1EEB /* Resources */ = {
			isa = PBXResourcesBuildPhase;
			buildActionMask = 2147483647;
			files = (
			);
			runOnlyForDeploymentPostprocessing = 0;
		};
		8537639C21EF0675003A1EEB /* Resources */ = {
			isa = PBXResourcesBuildPhase;
			buildActionMask = 2147483647;
			files = (
			);
			runOnlyForDeploymentPostprocessing = 0;
		};
/* End PBXResourcesBuildPhase section */

/* Begin PBXShellScriptBuildPhase section */
		24062927236864A9A7A36E26 /* [CP] Check Pods Manifest.lock */ = {
			isa = PBXShellScriptBuildPhase;
			buildActionMask = 2147483647;
			files = (
			);
			inputFileListPaths = (
			);
			inputPaths = (
				"${PODS_PODFILE_DIR_PATH}/Podfile.lock",
				"${PODS_ROOT}/Manifest.lock",
			);
			name = "[CP] Check Pods Manifest.lock";
			outputFileListPaths = (
			);
			outputPaths = (
				"$(DERIVED_FILE_DIR)/Pods-PhotoViewer-checkManifestLockResult.txt",
			);
			runOnlyForDeploymentPostprocessing = 0;
			shellPath = /bin/sh;
			shellScript = "diff \"${PODS_PODFILE_DIR_PATH}/Podfile.lock\" \"${PODS_ROOT}/Manifest.lock\" > /dev/null\nif [ $? != 0 ] ; then\n    # print error to STDERR\n    echo \"error: The sandbox is not in sync with the Podfile.lock. Run 'pod install' or update your CocoaPods installation.\" >&2\n    exit 1\nfi\n# This output is used by Xcode 'outputs' to avoid re-running this script phase.\necho \"SUCCESS\" > \"${SCRIPT_OUTPUT_FILE_0}\"\n";
			showEnvVarsInLog = 0;
		};
		8F1050EF5BF6EA841E285441 /* [CP] Check Pods Manifest.lock */ = {
			isa = PBXShellScriptBuildPhase;
			buildActionMask = 2147483647;
			files = (
			);
			inputFileListPaths = (
			);
			inputPaths = (
				"${PODS_PODFILE_DIR_PATH}/Podfile.lock",
				"${PODS_ROOT}/Manifest.lock",
			);
			name = "[CP] Check Pods Manifest.lock";
			outputFileListPaths = (
			);
			outputPaths = (
				"$(DERIVED_FILE_DIR)/Pods-PhotoViewerUITests-checkManifestLockResult.txt",
			);
			runOnlyForDeploymentPostprocessing = 0;
			shellPath = /bin/sh;
			shellScript = "diff \"${PODS_PODFILE_DIR_PATH}/Podfile.lock\" \"${PODS_ROOT}/Manifest.lock\" > /dev/null\nif [ $? != 0 ] ; then\n    # print error to STDERR\n    echo \"error: The sandbox is not in sync with the Podfile.lock. Run 'pod install' or update your CocoaPods installation.\" >&2\n    exit 1\nfi\n# This output is used by Xcode 'outputs' to avoid re-running this script phase.\necho \"SUCCESS\" > \"${SCRIPT_OUTPUT_FILE_0}\"\n";
			showEnvVarsInLog = 0;
		};
		A52891C5850AF4AC67130713 /* [CP] Check Pods Manifest.lock */ = {
			isa = PBXShellScriptBuildPhase;
			buildActionMask = 2147483647;
			files = (
			);
			inputFileListPaths = (
			);
			inputPaths = (
				"${PODS_PODFILE_DIR_PATH}/Podfile.lock",
				"${PODS_ROOT}/Manifest.lock",
			);
			name = "[CP] Check Pods Manifest.lock";
			outputFileListPaths = (
			);
			outputPaths = (
				"$(DERIVED_FILE_DIR)/Pods-PhotoViewerTests-checkManifestLockResult.txt",
			);
			runOnlyForDeploymentPostprocessing = 0;
			shellPath = /bin/sh;
			shellScript = "diff \"${PODS_PODFILE_DIR_PATH}/Podfile.lock\" \"${PODS_ROOT}/Manifest.lock\" > /dev/null\nif [ $? != 0 ] ; then\n    # print error to STDERR\n    echo \"error: The sandbox is not in sync with the Podfile.lock. Run 'pod install' or update your CocoaPods installation.\" >&2\n    exit 1\nfi\n# This output is used by Xcode 'outputs' to avoid re-running this script phase.\necho \"SUCCESS\" > \"${SCRIPT_OUTPUT_FILE_0}\"\n";
			showEnvVarsInLog = 0;
		};
		A7DA04B8CFA7C007107CDD7B /* [CP] Embed Pods Frameworks */ = {
			isa = PBXShellScriptBuildPhase;
			buildActionMask = 2147483647;
			files = (
			);
			inputFileListPaths = (
			);
			inputPaths = (
				"${PODS_ROOT}/Target Support Files/Pods-PhotoViewer/Pods-PhotoViewer-frameworks.sh",
				"${BUILT_PRODUCTS_DIR}/Keys/Keys.framework",
				"${BUILT_PRODUCTS_DIR}/Kingfisher/Kingfisher.framework",
			);
			name = "[CP] Embed Pods Frameworks";
			outputFileListPaths = (
			);
			outputPaths = (
				"${TARGET_BUILD_DIR}/${FRAMEWORKS_FOLDER_PATH}/Keys.framework",
				"${TARGET_BUILD_DIR}/${FRAMEWORKS_FOLDER_PATH}/Kingfisher.framework",
			);
			runOnlyForDeploymentPostprocessing = 0;
			shellPath = /bin/sh;
			shellScript = "\"${PODS_ROOT}/Target Support Files/Pods-PhotoViewer/Pods-PhotoViewer-frameworks.sh\"\n";
			showEnvVarsInLog = 0;
		};
/* End PBXShellScriptBuildPhase section */

/* Begin PBXSourcesBuildPhase section */
		8537637B21EF0673003A1EEB /* Sources */ = {
			isa = PBXSourcesBuildPhase;
			buildActionMask = 2147483647;
			files = (
				853763D221EF4237003A1EEB /* Photo.swift in Sources */,
				853763CE21EF3D47003A1EEB /* NetworkManager.swift in Sources */,
				85895B6D21F0657500B0A40B /* GreedoSizeCalculator.swift in Sources */,
				853763CA21EF2F9D003A1EEB /* Router.swift in Sources */,
				853763B921EF2D77003A1EEB /* ParameterEncoder.swift in Sources */,
				853763BB21EF2D9C003A1EEB /* NetworkError.swift in Sources */,
				853763BF21EF2DDF003A1EEB /* JSONParameterEncoder.swift in Sources */,
				853763C621EF2F5F003A1EEB /* HTTPTask.swift in Sources */,
				8537638321EF0673003A1EEB /* AppDelegate.swift in Sources */,
				853763C421EF2F43003A1EEB /* HTTPMethod.swift in Sources */,
				853763BD21EF2DC3003A1EEB /* URLParameterEncoder.swift in Sources */,
				853763C821EF2F75003A1EEB /* NetworkRouter.swift in Sources */,
				853763D521EF631D003A1EEB /* PhotoCollectionViewCell.swift in Sources */,
				85895B6B21F05E9400B0A40B /* GreedoCollectionViewLayout.swift in Sources */,
				853763B221EF0766003A1EEB /* MainCollectionViewController.swift in Sources */,
				853763D021EF3E5B003A1EEB /* UnsplashEndPoint.swift in Sources */,
				853763C221EF2F2A003A1EEB /* EndPointType.swift in Sources */,
			);
			runOnlyForDeploymentPostprocessing = 0;
		};
		8537638F21EF0675003A1EEB /* Sources */ = {
			isa = PBXSourcesBuildPhase;
			buildActionMask = 2147483647;
			files = (
				8537639821EF0675003A1EEB /* PhotoViewerTests.swift in Sources */,
			);
			runOnlyForDeploymentPostprocessing = 0;
		};
		8537639A21EF0675003A1EEB /* Sources */ = {
			isa = PBXSourcesBuildPhase;
			buildActionMask = 2147483647;
			files = (
				853763A321EF0675003A1EEB /* PhotoViewerUITests.swift in Sources */,
			);
			runOnlyForDeploymentPostprocessing = 0;
		};
/* End PBXSourcesBuildPhase section */

/* Begin PBXTargetDependency section */
		8537639521EF0675003A1EEB /* PBXTargetDependency */ = {
			isa = PBXTargetDependency;
			target = 8537637E21EF0673003A1EEB /* PhotoViewer */;
			targetProxy = 8537639421EF0675003A1EEB /* PBXContainerItemProxy */;
		};
		853763A021EF0675003A1EEB /* PBXTargetDependency */ = {
			isa = PBXTargetDependency;
			target = 8537637E21EF0673003A1EEB /* PhotoViewer */;
			targetProxy = 8537639F21EF0675003A1EEB /* PBXContainerItemProxy */;
		};
/* End PBXTargetDependency section */

/* Begin PBXVariantGroup section */
		8537638621EF0673003A1EEB /* Main.storyboard */ = {
			isa = PBXVariantGroup;
			children = (
				8537638721EF0673003A1EEB /* Base */,
			);
			name = Main.storyboard;
			sourceTree = "<group>";
		};
		8537638B21EF0675003A1EEB /* LaunchScreen.storyboard */ = {
			isa = PBXVariantGroup;
			children = (
				8537638C21EF0675003A1EEB /* Base */,
			);
			name = LaunchScreen.storyboard;
			sourceTree = "<group>";
		};
/* End PBXVariantGroup section */

/* Begin XCBuildConfiguration section */
		853763A521EF0675003A1EEB /* Debug */ = {
			isa = XCBuildConfiguration;
			buildSettings = {
				ALWAYS_SEARCH_USER_PATHS = NO;
				CLANG_ANALYZER_NONNULL = YES;
				CLANG_ANALYZER_NUMBER_OBJECT_CONVERSION = YES_AGGRESSIVE;
				CLANG_CXX_LANGUAGE_STANDARD = "gnu++14";
				CLANG_CXX_LIBRARY = "libc++";
				CLANG_ENABLE_MODULES = YES;
				CLANG_ENABLE_OBJC_ARC = YES;
				CLANG_ENABLE_OBJC_WEAK = YES;
				CLANG_WARN_BLOCK_CAPTURE_AUTORELEASING = YES;
				CLANG_WARN_BOOL_CONVERSION = YES;
				CLANG_WARN_COMMA = YES;
				CLANG_WARN_CONSTANT_CONVERSION = YES;
				CLANG_WARN_DEPRECATED_OBJC_IMPLEMENTATIONS = YES;
				CLANG_WARN_DIRECT_OBJC_ISA_USAGE = YES_ERROR;
				CLANG_WARN_DOCUMENTATION_COMMENTS = YES;
				CLANG_WARN_EMPTY_BODY = YES;
				CLANG_WARN_ENUM_CONVERSION = YES;
				CLANG_WARN_INFINITE_RECURSION = YES;
				CLANG_WARN_INT_CONVERSION = YES;
				CLANG_WARN_NON_LITERAL_NULL_CONVERSION = YES;
				CLANG_WARN_OBJC_IMPLICIT_RETAIN_SELF = YES;
				CLANG_WARN_OBJC_LITERAL_CONVERSION = YES;
				CLANG_WARN_OBJC_ROOT_CLASS = YES_ERROR;
				CLANG_WARN_RANGE_LOOP_ANALYSIS = YES;
				CLANG_WARN_STRICT_PROTOTYPES = YES;
				CLANG_WARN_SUSPICIOUS_MOVE = YES;
				CLANG_WARN_UNGUARDED_AVAILABILITY = YES_AGGRESSIVE;
				CLANG_WARN_UNREACHABLE_CODE = YES;
				CLANG_WARN__DUPLICATE_METHOD_MATCH = YES;
				CODE_SIGN_IDENTITY = "iPhone Developer";
				COPY_PHASE_STRIP = NO;
				DEBUG_INFORMATION_FORMAT = dwarf;
				ENABLE_STRICT_OBJC_MSGSEND = YES;
				ENABLE_TESTABILITY = YES;
				GCC_C_LANGUAGE_STANDARD = gnu11;
				GCC_DYNAMIC_NO_PIC = NO;
				GCC_NO_COMMON_BLOCKS = YES;
				GCC_OPTIMIZATION_LEVEL = 0;
				GCC_PREPROCESSOR_DEFINITIONS = (
					"DEBUG=1",
					"$(inherited)",
				);
				GCC_WARN_64_TO_32_BIT_CONVERSION = YES;
				GCC_WARN_ABOUT_RETURN_TYPE = YES_ERROR;
				GCC_WARN_UNDECLARED_SELECTOR = YES;
				GCC_WARN_UNINITIALIZED_AUTOS = YES_AGGRESSIVE;
				GCC_WARN_UNUSED_FUNCTION = YES;
				GCC_WARN_UNUSED_VARIABLE = YES;
				IPHONEOS_DEPLOYMENT_TARGET = 12.1;
				MTL_ENABLE_DEBUG_INFO = INCLUDE_SOURCE;
				MTL_FAST_MATH = YES;
				ONLY_ACTIVE_ARCH = YES;
				SDKROOT = iphoneos;
				SWIFT_ACTIVE_COMPILATION_CONDITIONS = DEBUG;
				SWIFT_OPTIMIZATION_LEVEL = "-Onone";
			};
			name = Debug;
		};
		853763A621EF0675003A1EEB /* Release */ = {
			isa = XCBuildConfiguration;
			buildSettings = {
				ALWAYS_SEARCH_USER_PATHS = NO;
				CLANG_ANALYZER_NONNULL = YES;
				CLANG_ANALYZER_NUMBER_OBJECT_CONVERSION = YES_AGGRESSIVE;
				CLANG_CXX_LANGUAGE_STANDARD = "gnu++14";
				CLANG_CXX_LIBRARY = "libc++";
				CLANG_ENABLE_MODULES = YES;
				CLANG_ENABLE_OBJC_ARC = YES;
				CLANG_ENABLE_OBJC_WEAK = YES;
				CLANG_WARN_BLOCK_CAPTURE_AUTORELEASING = YES;
				CLANG_WARN_BOOL_CONVERSION = YES;
				CLANG_WARN_COMMA = YES;
				CLANG_WARN_CONSTANT_CONVERSION = YES;
				CLANG_WARN_DEPRECATED_OBJC_IMPLEMENTATIONS = YES;
				CLANG_WARN_DIRECT_OBJC_ISA_USAGE = YES_ERROR;
				CLANG_WARN_DOCUMENTATION_COMMENTS = YES;
				CLANG_WARN_EMPTY_BODY = YES;
				CLANG_WARN_ENUM_CONVERSION = YES;
				CLANG_WARN_INFINITE_RECURSION = YES;
				CLANG_WARN_INT_CONVERSION = YES;
				CLANG_WARN_NON_LITERAL_NULL_CONVERSION = YES;
				CLANG_WARN_OBJC_IMPLICIT_RETAIN_SELF = YES;
				CLANG_WARN_OBJC_LITERAL_CONVERSION = YES;
				CLANG_WARN_OBJC_ROOT_CLASS = YES_ERROR;
				CLANG_WARN_RANGE_LOOP_ANALYSIS = YES;
				CLANG_WARN_STRICT_PROTOTYPES = YES;
				CLANG_WARN_SUSPICIOUS_MOVE = YES;
				CLANG_WARN_UNGUARDED_AVAILABILITY = YES_AGGRESSIVE;
				CLANG_WARN_UNREACHABLE_CODE = YES;
				CLANG_WARN__DUPLICATE_METHOD_MATCH = YES;
				CODE_SIGN_IDENTITY = "iPhone Developer";
				COPY_PHASE_STRIP = NO;
				DEBUG_INFORMATION_FORMAT = "dwarf-with-dsym";
				ENABLE_NS_ASSERTIONS = NO;
				ENABLE_STRICT_OBJC_MSGSEND = YES;
				GCC_C_LANGUAGE_STANDARD = gnu11;
				GCC_NO_COMMON_BLOCKS = YES;
				GCC_WARN_64_TO_32_BIT_CONVERSION = YES;
				GCC_WARN_ABOUT_RETURN_TYPE = YES_ERROR;
				GCC_WARN_UNDECLARED_SELECTOR = YES;
				GCC_WARN_UNINITIALIZED_AUTOS = YES_AGGRESSIVE;
				GCC_WARN_UNUSED_FUNCTION = YES;
				GCC_WARN_UNUSED_VARIABLE = YES;
				IPHONEOS_DEPLOYMENT_TARGET = 12.1;
				MTL_ENABLE_DEBUG_INFO = NO;
				MTL_FAST_MATH = YES;
				SDKROOT = iphoneos;
				SWIFT_COMPILATION_MODE = wholemodule;
				SWIFT_OPTIMIZATION_LEVEL = "-O";
				VALIDATE_PRODUCT = YES;
			};
			name = Release;
		};
		853763A821EF0675003A1EEB /* Debug */ = {
			isa = XCBuildConfiguration;
			baseConfigurationReference = 505662ED354D5F6331F0D13F /* Pods-PhotoViewer.debug.xcconfig */;
			buildSettings = {
				ASSETCATALOG_COMPILER_APPICON_NAME = AppIcon;
				CODE_SIGN_STYLE = Automatic;
				DEVELOPMENT_TEAM = M7NRPN43W5;
				INFOPLIST_FILE = PhotoViewer/Info.plist;
				LD_RUNPATH_SEARCH_PATHS = (
					"$(inherited)",
					"@executable_path/Frameworks",
				);
				PRODUCT_BUNDLE_IDENTIFIER = com.alexanderbatalov.PhotoViewer;
				PRODUCT_NAME = "$(TARGET_NAME)";
				SWIFT_VERSION = 4.2;
				TARGETED_DEVICE_FAMILY = "1,2";
			};
			name = Debug;
		};
		853763A921EF0675003A1EEB /* Release */ = {
			isa = XCBuildConfiguration;
			baseConfigurationReference = D567A272B9C3D821210AA29F /* Pods-PhotoViewer.release.xcconfig */;
			buildSettings = {
				ASSETCATALOG_COMPILER_APPICON_NAME = AppIcon;
				CODE_SIGN_STYLE = Automatic;
				DEVELOPMENT_TEAM = M7NRPN43W5;
				INFOPLIST_FILE = PhotoViewer/Info.plist;
				LD_RUNPATH_SEARCH_PATHS = (
					"$(inherited)",
					"@executable_path/Frameworks",
				);
				PRODUCT_BUNDLE_IDENTIFIER = com.alexanderbatalov.PhotoViewer;
				PRODUCT_NAME = "$(TARGET_NAME)";
				SWIFT_VERSION = 4.2;
				TARGETED_DEVICE_FAMILY = "1,2";
			};
			name = Release;
		};
		853763AB21EF0675003A1EEB /* Debug */ = {
			isa = XCBuildConfiguration;
			baseConfigurationReference = 67A7111491F89B6F1C614290 /* Pods-PhotoViewerTests.debug.xcconfig */;
			buildSettings = {
				ALWAYS_EMBED_SWIFT_STANDARD_LIBRARIES = YES;
				BUNDLE_LOADER = "$(TEST_HOST)";
				CODE_SIGN_STYLE = Automatic;
				DEVELOPMENT_TEAM = M7NRPN43W5;
				INFOPLIST_FILE = PhotoViewerTests/Info.plist;
				LD_RUNPATH_SEARCH_PATHS = (
					"$(inherited)",
					"@executable_path/Frameworks",
					"@loader_path/Frameworks",
				);
				PRODUCT_BUNDLE_IDENTIFIER = com.alexanderbatalov.PhotoViewerTests;
				PRODUCT_NAME = "$(TARGET_NAME)";
				SWIFT_VERSION = 4.2;
				TARGETED_DEVICE_FAMILY = "1,2";
				TEST_HOST = "$(BUILT_PRODUCTS_DIR)/PhotoViewer.app/PhotoViewer";
			};
			name = Debug;
		};
		853763AC21EF0675003A1EEB /* Release */ = {
			isa = XCBuildConfiguration;
			baseConfigurationReference = E27FC5AF90AC506ADAC329D9 /* Pods-PhotoViewerTests.release.xcconfig */;
			buildSettings = {
				ALWAYS_EMBED_SWIFT_STANDARD_LIBRARIES = YES;
				BUNDLE_LOADER = "$(TEST_HOST)";
				CODE_SIGN_STYLE = Automatic;
				DEVELOPMENT_TEAM = M7NRPN43W5;
				INFOPLIST_FILE = PhotoViewerTests/Info.plist;
				LD_RUNPATH_SEARCH_PATHS = (
					"$(inherited)",
					"@executable_path/Frameworks",
					"@loader_path/Frameworks",
				);
				PRODUCT_BUNDLE_IDENTIFIER = com.alexanderbatalov.PhotoViewerTests;
				PRODUCT_NAME = "$(TARGET_NAME)";
				SWIFT_VERSION = 4.2;
				TARGETED_DEVICE_FAMILY = "1,2";
				TEST_HOST = "$(BUILT_PRODUCTS_DIR)/PhotoViewer.app/PhotoViewer";
			};
			name = Release;
		};
		853763AE21EF0675003A1EEB /* Debug */ = {
			isa = XCBuildConfiguration;
			baseConfigurationReference = DD8D291C37C0A20B03A8ACBF /* Pods-PhotoViewerUITests.debug.xcconfig */;
			buildSettings = {
				ALWAYS_EMBED_SWIFT_STANDARD_LIBRARIES = YES;
				CODE_SIGN_STYLE = Automatic;
				DEVELOPMENT_TEAM = M7NRPN43W5;
				INFOPLIST_FILE = PhotoViewerUITests/Info.plist;
				LD_RUNPATH_SEARCH_PATHS = (
					"$(inherited)",
					"@executable_path/Frameworks",
					"@loader_path/Frameworks",
				);
				PRODUCT_BUNDLE_IDENTIFIER = com.alexanderbatalov.PhotoViewerUITests;
				PRODUCT_NAME = "$(TARGET_NAME)";
				SWIFT_VERSION = 4.2;
				TARGETED_DEVICE_FAMILY = "1,2";
				TEST_TARGET_NAME = PhotoViewer;
			};
			name = Debug;
		};
		853763AF21EF0675003A1EEB /* Release */ = {
			isa = XCBuildConfiguration;
			baseConfigurationReference = CCA399019CA8626156B93302 /* Pods-PhotoViewerUITests.release.xcconfig */;
			buildSettings = {
				ALWAYS_EMBED_SWIFT_STANDARD_LIBRARIES = YES;
				CODE_SIGN_STYLE = Automatic;
				DEVELOPMENT_TEAM = M7NRPN43W5;
				INFOPLIST_FILE = PhotoViewerUITests/Info.plist;
				LD_RUNPATH_SEARCH_PATHS = (
					"$(inherited)",
					"@executable_path/Frameworks",
					"@loader_path/Frameworks",
				);
				PRODUCT_BUNDLE_IDENTIFIER = com.alexanderbatalov.PhotoViewerUITests;
				PRODUCT_NAME = "$(TARGET_NAME)";
				SWIFT_VERSION = 4.2;
				TARGETED_DEVICE_FAMILY = "1,2";
				TEST_TARGET_NAME = PhotoViewer;
			};
			name = Release;
		};
/* End XCBuildConfiguration section */

/* Begin XCConfigurationList section */
		8537637A21EF0673003A1EEB /* Build configuration list for PBXProject "PhotoViewer" */ = {
			isa = XCConfigurationList;
			buildConfigurations = (
				853763A521EF0675003A1EEB /* Debug */,
				853763A621EF0675003A1EEB /* Release */,
			);
			defaultConfigurationIsVisible = 0;
			defaultConfigurationName = Release;
		};
		853763A721EF0675003A1EEB /* Build configuration list for PBXNativeTarget "PhotoViewer" */ = {
			isa = XCConfigurationList;
			buildConfigurations = (
				853763A821EF0675003A1EEB /* Debug */,
				853763A921EF0675003A1EEB /* Release */,
			);
			defaultConfigurationIsVisible = 0;
			defaultConfigurationName = Release;
		};
		853763AA21EF0675003A1EEB /* Build configuration list for PBXNativeTarget "PhotoViewerTests" */ = {
			isa = XCConfigurationList;
			buildConfigurations = (
				853763AB21EF0675003A1EEB /* Debug */,
				853763AC21EF0675003A1EEB /* Release */,
			);
			defaultConfigurationIsVisible = 0;
			defaultConfigurationName = Release;
		};
		853763AD21EF0675003A1EEB /* Build configuration list for PBXNativeTarget "PhotoViewerUITests" */ = {
			isa = XCConfigurationList;
			buildConfigurations = (
				853763AE21EF0675003A1EEB /* Debug */,
				853763AF21EF0675003A1EEB /* Release */,
			);
			defaultConfigurationIsVisible = 0;
			defaultConfigurationName = Release;
		};
/* End XCConfigurationList section */
	};
	rootObject = 8537637721EF0673003A1EEB /* Project object */;
}
